
Microsoft Visual Studio Solution File, Format Version 12.00
# Visual Studio Version 17
VisualStudioVersion = 17.6.33723.286
MinimumVisualStudioVersion = 10.0.40219.1
Project("{FAE04EC0-301F-11D3-BF4B-00C04F79EFBC}") = "ChallengeApp", "ChallengeApp\ChallengeApp.csproj", "{A56CCB86-0211-45C1-8D14-8097038B9C86}"
EndProject
Global
	GlobalSection(SolutionConfigurationPlatforms) = preSolution
		Debug|Any CPU = Debug|Any CPU
		Release|Any CPU = Release|Any CPU
	EndGlobalSection
	GlobalSection(ProjectConfigurationPlatforms) = postSolution
		{A56CCB86-0211-45C1-8D14-8097038B9C86}.Debug|Any CPU.ActiveCfg = Debug|Any CPU
		{A56CCB86-0211-45C1-8D14-8097038B9C86}.Debug|Any CPU.Build.0 = Debug|Any CPU
		{A56CCB86-0211-45C1-8D14-8097038B9C86}.Release|Any CPU.ActiveCfg = Release|Any CPU
		{A56CCB86-0211-45C1-8D14-8097038B9C86}.Release|Any CPU.Build.0 = Release|Any CPU
	EndGlobalSection
	GlobalSection(SolutionProperties) = preSolution
		HideSolutionNode = FALSE
	EndGlobalSection
	GlobalSection(ExtensibilityGlobals) = postSolution
		SolutionGuid = {1004A45D-4F68-48FE-89B8-6DE6C0839E30}
	EndGlobalSection
EndGlobal
